// !$*UTF8*$!
{
	archiveVersion = 1;
	classes = {
	};
	objectVersion = 46;
	objects = {

/* Begin PBXBuildFile section */
		7F0C063E19D75B5B00A308CC /* GHContextMenuView.m in Sources */ = {isa = PBXBuildFile; fileRef = 7F0C063D19D75B5B00A308CC /* GHContextMenuView.m */; };
		7F53665119806DAF000F77D1 /* ANVCustomCell.m in Sources */ = {isa = PBXBuildFile; fileRef = 7F53665019806DAF000F77D1 /* ANVCustomCell.m */; settings = {COMPILER_FLAGS = "-w"; }; };
		7F536655198070D4000F77D1 /* ANVCustomViewController.m in Sources */ = {isa = PBXBuildFile; fileRef = 7F536654198070D4000F77D1 /* ANVCustomViewController.m */; };
		7F5366591989CCA4000F77D1 /* ANVFavoriteViewController.m in Sources */ = {isa = PBXBuildFile; fileRef = 7F5366581989CCA4000F77D1 /* ANVFavoriteViewController.m */; };
		7F536660198C5F30000F77D1 /* ANVMostViewedViewController.m in Sources */ = {isa = PBXBuildFile; fileRef = 7F53665F198C5F30000F77D1 /* ANVMostViewedViewController.m */; };
		7F536663198C62FD000F77D1 /* ANVFeedViewController.m in Sources */ = {isa = PBXBuildFile; fileRef = 7F536662198C62FD000F77D1 /* ANVFeedViewController.m */; };
		7F536666198C6446000F77D1 /* ANVNotificationsViewController.m in Sources */ = {isa = PBXBuildFile; fileRef = 7F536665198C6446000F77D1 /* ANVNotificationsViewController.m */; };
		7F53666E198EF502000F77D1 /* Question.m in Sources */ = {isa = PBXBuildFile; fileRef = 7F53666D198EF502000F77D1 /* Question.m */; };
		7F536671198EFAF9000F77D1 /* QuestionSharedManager.m in Sources */ = {isa = PBXBuildFile; fileRef = 7F536670198EFAF9000F77D1 /* QuestionSharedManager.m */; };
		7F5EEB9419E1FDB9007F514D /* ANVLoginToMain.m in Sources */ = {isa = PBXBuildFile; fileRef = 7F5EEB9319E1FDB9007F514D /* ANVLoginToMain.m */; };
		7F5EEB9A19E2619B007F514D /* DDIndicator.m in Sources */ = {isa = PBXBuildFile; fileRef = 7F5EEB9919E2619B007F514D /* DDIndicator.m */; };
		7F73533D19B2587A00A81612 /* ANVAskViewController.m in Sources */ = {isa = PBXBuildFile; fileRef = 7F73533C19B2587A00A81612 /* ANVAskViewController.m */; };
		7FA13612196B8B62003B071D /* Foundation.framework in Frameworks */ = {isa = PBXBuildFile; fileRef = 7FA13611196B8B62003B071D /* Foundation.framework */; };
		7FA13614196B8B62003B071D /* CoreGraphics.framework in Frameworks */ = {isa = PBXBuildFile; fileRef = 7FA13613196B8B62003B071D /* CoreGraphics.framework */; };
		7FA13616196B8B62003B071D /* UIKit.framework in Frameworks */ = {isa = PBXBuildFile; fileRef = 7FA13615196B8B62003B071D /* UIKit.framework */; };
		7FA1361C196B8B62003B071D /* InfoPlist.strings in Resources */ = {isa = PBXBuildFile; fileRef = 7FA1361A196B8B62003B071D /* InfoPlist.strings */; };
		7FA1361E196B8B62003B071D /* main.m in Sources */ = {isa = PBXBuildFile; fileRef = 7FA1361D196B8B62003B071D /* main.m */; };
		7FA13622196B8B62003B071D /* ANVAppDelegate.m in Sources */ = {isa = PBXBuildFile; fileRef = 7FA13621196B8B62003B071D /* ANVAppDelegate.m */; };
		7FA13624196B8B62003B071D /* Images.xcassets in Resources */ = {isa = PBXBuildFile; fileRef = 7FA13623196B8B62003B071D /* Images.xcassets */; };
		7FA1362B196B8B62003B071D /* XCTest.framework in Frameworks */ = {isa = PBXBuildFile; fileRef = 7FA1362A196B8B62003B071D /* XCTest.framework */; };
		7FA1362C196B8B62003B071D /* Foundation.framework in Frameworks */ = {isa = PBXBuildFile; fileRef = 7FA13611196B8B62003B071D /* Foundation.framework */; };
		7FA1362D196B8B62003B071D /* UIKit.framework in Frameworks */ = {isa = PBXBuildFile; fileRef = 7FA13615196B8B62003B071D /* UIKit.framework */; };
		7FA13635196B8B62003B071D /* InfoPlist.strings in Resources */ = {isa = PBXBuildFile; fileRef = 7FA13633196B8B62003B071D /* InfoPlist.strings */; };
		7FA13637196B8B62003B071D /* ikwitMVCTests.m in Sources */ = {isa = PBXBuildFile; fileRef = 7FA13636196B8B62003B071D /* ikwitMVCTests.m */; };
		7FA1364D196B8E37003B071D /* Storyboard.storyboard in Resources */ = {isa = PBXBuildFile; fileRef = 7FA1364C196B8E37003B071D /* Storyboard.storyboard */; };
		7FA13650196B95FF003B071D /* ANVLoginViewController.m in Sources */ = {isa = PBXBuildFile; fileRef = 7FA1364F196B95FF003B071D /* ANVLoginViewController.m */; };
		7FA13653196B96F9003B071D /* ANVSignUpViewController.m in Sources */ = {isa = PBXBuildFile; fileRef = 7FA13652196B96F9003B071D /* ANVSignUpViewController.m */; };
		7FA13657196CB1C6003B071D /* User.m in Sources */ = {isa = PBXBuildFile; fileRef = 7FA13656196CB1C6003B071D /* User.m */; };
		7FE3B54A19E118740078B65D /* GCDAsyncSocket.m in Sources */ = {isa = PBXBuildFile; fileRef = 7FE3B54919E118740078B65D /* GCDAsyncSocket.m */; };
		7FFABC1C19D2479A00983E81 /* ANVDetailedController.m in Sources */ = {isa = PBXBuildFile; fileRef = 7FFABC1B19D2479A00983E81 /* ANVDetailedController.m */; };
/* End PBXBuildFile section */

/* Begin PBXContainerItemProxy section */
		7FA1362E196B8B62003B071D /* PBXContainerItemProxy */ = {
			isa = PBXContainerItemProxy;
			containerPortal = 7FA13606196B8B62003B071D /* Project object */;
			proxyType = 1;
			remoteGlobalIDString = 7FA1360D196B8B62003B071D;
			remoteInfo = ikwitMVC;
		};
/* End PBXContainerItemProxy section */

/* Begin PBXFileReference section */
		7F0C063C19D75B5B00A308CC /* GHContextMenuView.h */ = {isa = PBXFileReference; fileEncoding = 4; lastKnownFileType = sourcecode.c.h; path = GHContextMenuView.h; sourceTree = "<group>"; };
		7F0C063D19D75B5B00A308CC /* GHContextMenuView.m */ = {isa = PBXFileReference; fileEncoding = 4; lastKnownFileType = sourcecode.c.objc; path = GHContextMenuView.m; sourceTree = "<group>"; };
		7F53664F19806DAF000F77D1 /* ANVCustomCell.h */ = {isa = PBXFileReference; fileEncoding = 4; lastKnownFileType = sourcecode.c.h; name = ANVCustomCell.h; path = View/ANVCustomCell.h; sourceTree = "<group>"; };
		7F53665019806DAF000F77D1 /* ANVCustomCell.m */ = {isa = PBXFileReference; fileEncoding = 4; lastKnownFileType = sourcecode.c.objc; name = ANVCustomCell.m; path = View/ANVCustomCell.m; sourceTree = "<group>"; };
		7F536653198070D4000F77D1 /* ANVCustomViewController.h */ = {isa = PBXFileReference; fileEncoding = 4; lastKnownFileType = sourcecode.c.h; name = ANVCustomViewController.h; path = Controllers/ANVCustomViewController.h; sourceTree = "<group>"; };
		7F536654198070D4000F77D1 /* ANVCustomViewController.m */ = {isa = PBXFileReference; fileEncoding = 4; lastKnownFileType = sourcecode.c.objc; name = ANVCustomViewController.m; path = Controllers/ANVCustomViewController.m; sourceTree = "<group>"; };
		7F5366571989CCA4000F77D1 /* ANVFavoriteViewController.h */ = {isa = PBXFileReference; fileEncoding = 4; lastKnownFileType = sourcecode.c.h; name = ANVFavoriteViewController.h; path = Controllers/ANVFavoriteViewController.h; sourceTree = "<group>"; };
		7F5366581989CCA4000F77D1 /* ANVFavoriteViewController.m */ = {isa = PBXFileReference; fileEncoding = 4; lastKnownFileType = sourcecode.c.objc; name = ANVFavoriteViewController.m; path = Controllers/ANVFavoriteViewController.m; sourceTree = "<group>"; };
		7F53665E198C5F30000F77D1 /* ANVMostViewedViewController.h */ = {isa = PBXFileReference; fileEncoding = 4; lastKnownFileType = sourcecode.c.h; name = ANVMostViewedViewController.h; path = Controllers/ANVMostViewedViewController.h; sourceTree = "<group>"; };
		7F53665F198C5F30000F77D1 /* ANVMostViewedViewController.m */ = {isa = PBXFileReference; fileEncoding = 4; lastKnownFileType = sourcecode.c.objc; name = ANVMostViewedViewController.m; path = Controllers/ANVMostViewedViewController.m; sourceTree = "<group>"; };
		7F536661198C62FD000F77D1 /* ANVFeedViewController.h */ = {isa = PBXFileReference; fileEncoding = 4; lastKnownFileType = sourcecode.c.h; name = ANVFeedViewController.h; path = Controllers/ANVFeedViewController.h; sourceTree = "<group>"; };
		7F536662198C62FD000F77D1 /* ANVFeedViewController.m */ = {isa = PBXFileReference; fileEncoding = 4; lastKnownFileType = sourcecode.c.objc; name = ANVFeedViewController.m; path = Controllers/ANVFeedViewController.m; sourceTree = "<group>"; };
		7F536664198C6446000F77D1 /* ANVNotificationsViewController.h */ = {isa = PBXFileReference; fileEncoding = 4; lastKnownFileType = sourcecode.c.h; name = ANVNotificationsViewController.h; path = Controllers/ANVNotificationsViewController.h; sourceTree = "<group>"; };
		7F536665198C6446000F77D1 /* ANVNotificationsViewController.m */ = {isa = PBXFileReference; fileEncoding = 4; lastKnownFileType = sourcecode.c.objc; name = ANVNotificationsViewController.m; path = Controllers/ANVNotificationsViewController.m; sourceTree = "<group>"; };
		7F53666C198EF502000F77D1 /* Question.h */ = {isa = PBXFileReference; fileEncoding = 4; lastKnownFileType = sourcecode.c.h; name = Question.h; path = model/Question.h; sourceTree = "<group>"; };
		7F53666D198EF502000F77D1 /* Question.m */ = {isa = PBXFileReference; fileEncoding = 4; lastKnownFileType = sourcecode.c.objc; name = Question.m; path = model/Question.m; sourceTree = "<group>"; };
		7F53666F198EFAF9000F77D1 /* QuestionSharedManager.h */ = {isa = PBXFileReference; fileEncoding = 4; lastKnownFileType = sourcecode.c.h; path = QuestionSharedManager.h; sourceTree = "<group>"; };
		7F536670198EFAF9000F77D1 /* QuestionSharedManager.m */ = {isa = PBXFileReference; fileEncoding = 4; lastKnownFileType = sourcecode.c.objc; path = QuestionSharedManager.m; sourceTree = "<group>"; };
		7F5EEB9219E1FDB9007F514D /* ANVLoginToMain.h */ = {isa = PBXFileReference; fileEncoding = 4; lastKnownFileType = sourcecode.c.h; name = ANVLoginToMain.h; path = ikwitMVC/CustomSegue/ANVLoginToMain.h; sourceTree = "<group>"; };
		7F5EEB9319E1FDB9007F514D /* ANVLoginToMain.m */ = {isa = PBXFileReference; fileEncoding = 4; lastKnownFileType = sourcecode.c.objc; name = ANVLoginToMain.m; path = ikwitMVC/CustomSegue/ANVLoginToMain.m; sourceTree = "<group>"; };
		7F5EEB9819E2619B007F514D /* DDIndicator.h */ = {isa = PBXFileReference; fileEncoding = 4; lastKnownFileType = sourcecode.c.h; path = DDIndicator.h; sourceTree = "<group>"; };
		7F5EEB9919E2619B007F514D /* DDIndicator.m */ = {isa = PBXFileReference; fileEncoding = 4; lastKnownFileType = sourcecode.c.objc; path = DDIndicator.m; sourceTree = "<group>"; };
		7F73533B19B2587A00A81612 /* ANVAskViewController.h */ = {isa = PBXFileReference; fileEncoding = 4; lastKnownFileType = sourcecode.c.h; name = ANVAskViewController.h; path = Controllers/ANVAskViewController.h; sourceTree = "<group>"; };
		7F73533C19B2587A00A81612 /* ANVAskViewController.m */ = {isa = PBXFileReference; fileEncoding = 4; lastKnownFileType = sourcecode.c.objc; name = ANVAskViewController.m; path = Controllers/ANVAskViewController.m; sourceTree = "<group>"; };
		7FA1360E196B8B62003B071D /* ikwitMVC.app */ = {isa = PBXFileReference; explicitFileType = wrapper.application; includeInIndex = 0; path = ikwitMVC.app; sourceTree = BUILT_PRODUCTS_DIR; };
		7FA13611196B8B62003B071D /* Foundation.framework */ = {isa = PBXFileReference; lastKnownFileType = wrapper.framework; name = Foundation.framework; path = System/Library/Frameworks/Foundation.framework; sourceTree = SDKROOT; };
		7FA13613196B8B62003B071D /* CoreGraphics.framework */ = {isa = PBXFileReference; lastKnownFileType = wrapper.framework; name = CoreGraphics.framework; path = System/Library/Frameworks/CoreGraphics.framework; sourceTree = SDKROOT; };
		7FA13615196B8B62003B071D /* UIKit.framework */ = {isa = PBXFileReference; lastKnownFileType = wrapper.framework; name = UIKit.framework; path = System/Library/Frameworks/UIKit.framework; sourceTree = SDKROOT; };
		7FA13619196B8B62003B071D /* ikwitMVC-Info.plist */ = {isa = PBXFileReference; lastKnownFileType = text.plist.xml; path = "ikwitMVC-Info.plist"; sourceTree = "<group>"; };
		7FA1361B196B8B62003B071D /* en */ = {isa = PBXFileReference; lastKnownFileType = text.plist.strings; name = en; path = en.lproj/InfoPlist.strings; sourceTree = "<group>"; };
		7FA1361D196B8B62003B071D /* main.m */ = {isa = PBXFileReference; lastKnownFileType = sourcecode.c.objc; path = main.m; sourceTree = "<group>"; };
		7FA1361F196B8B62003B071D /* ikwitMVC-Prefix.pch */ = {isa = PBXFileReference; lastKnownFileType = sourcecode.c.h; path = "ikwitMVC-Prefix.pch"; sourceTree = "<group>"; };
		7FA13620196B8B62003B071D /* ANVAppDelegate.h */ = {isa = PBXFileReference; lastKnownFileType = sourcecode.c.h; path = ANVAppDelegate.h; sourceTree = "<group>"; };
		7FA13621196B8B62003B071D /* ANVAppDelegate.m */ = {isa = PBXFileReference; lastKnownFileType = sourcecode.c.objc; path = ANVAppDelegate.m; sourceTree = "<group>"; };
		7FA13623196B8B62003B071D /* Images.xcassets */ = {isa = PBXFileReference; lastKnownFileType = folder.assetcatalog; path = Images.xcassets; sourceTree = "<group>"; };
		7FA13629196B8B62003B071D /* ikwitMVCTests.xctest */ = {isa = PBXFileReference; explicitFileType = wrapper.cfbundle; includeInIndex = 0; path = ikwitMVCTests.xctest; sourceTree = BUILT_PRODUCTS_DIR; };
		7FA1362A196B8B62003B071D /* XCTest.framework */ = {isa = PBXFileReference; lastKnownFileType = wrapper.framework; name = XCTest.framework; path = Library/Frameworks/XCTest.framework; sourceTree = DEVELOPER_DIR; };
		7FA13632196B8B62003B071D /* ikwitMVCTests-Info.plist */ = {isa = PBXFileReference; lastKnownFileType = text.plist.xml; path = "ikwitMVCTests-Info.plist"; sourceTree = "<group>"; };
		7FA13634196B8B62003B071D /* en */ = {isa = PBXFileReference; lastKnownFileType = text.plist.strings; name = en; path = en.lproj/InfoPlist.strings; sourceTree = "<group>"; };
		7FA13636196B8B62003B071D /* ikwitMVCTests.m */ = {isa = PBXFileReference; lastKnownFileType = sourcecode.c.objc; path = ikwitMVCTests.m; sourceTree = "<group>"; };
		7FA1364C196B8E37003B071D /* Storyboard.storyboard */ = {isa = PBXFileReference; fileEncoding = 4; lastKnownFileType = file.storyboard; path = Storyboard.storyboard; sourceTree = "<group>"; };
		7FA1364E196B95FF003B071D /* ANVLoginViewController.h */ = {isa = PBXFileReference; fileEncoding = 4; lastKnownFileType = sourcecode.c.h; path = ANVLoginViewController.h; sourceTree = "<group>"; };
		7FA1364F196B95FF003B071D /* ANVLoginViewController.m */ = {isa = PBXFileReference; fileEncoding = 4; lastKnownFileType = sourcecode.c.objc; path = ANVLoginViewController.m; sourceTree = "<group>"; };
		7FA13651196B96F9003B071D /* ANVSignUpViewController.h */ = {isa = PBXFileReference; fileEncoding = 4; lastKnownFileType = sourcecode.c.h; path = ANVSignUpViewController.h; sourceTree = "<group>"; };
		7FA13652196B96F9003B071D /* ANVSignUpViewController.m */ = {isa = PBXFileReference; fileEncoding = 4; lastKnownFileType = sourcecode.c.objc; path = ANVSignUpViewController.m; sourceTree = "<group>"; };
		7FA13655196CB1C6003B071D /* User.h */ = {isa = PBXFileReference; fileEncoding = 4; lastKnownFileType = sourcecode.c.h; name = User.h; path = model/User.h; sourceTree = "<group>"; };
		7FA13656196CB1C6003B071D /* User.m */ = {isa = PBXFileReference; fileEncoding = 4; lastKnownFileType = sourcecode.c.objc; name = User.m; path = model/User.m; sourceTree = "<group>"; };
		7FE3B54819E118740078B65D /* GCDAsyncSocket.h */ = {isa = PBXFileReference; fileEncoding = 4; lastKnownFileType = sourcecode.c.h; path = GCDAsyncSocket.h; sourceTree = "<group>"; };
		7FE3B54919E118740078B65D /* GCDAsyncSocket.m */ = {isa = PBXFileReference; fileEncoding = 4; lastKnownFileType = sourcecode.c.objc; path = GCDAsyncSocket.m; sourceTree = "<group>"; };
		7FFABC1A19D2479A00983E81 /* ANVDetailedController.h */ = {isa = PBXFileReference; fileEncoding = 4; lastKnownFileType = sourcecode.c.h; name = ANVDetailedController.h; path = ikwitMVC/Controllers/ANVDetailedController.h; sourceTree = "<group>"; };
		7FFABC1B19D2479A00983E81 /* ANVDetailedController.m */ = {isa = PBXFileReference; fileEncoding = 4; lastKnownFileType = sourcecode.c.objc; name = ANVDetailedController.m; path = ikwitMVC/Controllers/ANVDetailedController.m; sourceTree = "<group>"; };
/* End PBXFileReference section */

/* Begin PBXFrameworksBuildPhase section */
		7FA1360B196B8B62003B071D /* Frameworks */ = {
			isa = PBXFrameworksBuildPhase;
			buildActionMask = 2147483647;
			files = (
				7FA13614196B8B62003B071D /* CoreGraphics.framework in Frameworks */,
				7FA13616196B8B62003B071D /* UIKit.framework in Frameworks */,
				7FA13612196B8B62003B071D /* Foundation.framework in Frameworks */,
			);
			runOnlyForDeploymentPostprocessing = 0;
		};
		7FA13626196B8B62003B071D /* Frameworks */ = {
			isa = PBXFrameworksBuildPhase;
			buildActionMask = 2147483647;
			files = (
				7FA1362B196B8B62003B071D /* XCTest.framework in Frameworks */,
				7FA1362D196B8B62003B071D /* UIKit.framework in Frameworks */,
				7FA1362C196B8B62003B071D /* Foundation.framework in Frameworks */,
			);
			runOnlyForDeploymentPostprocessing = 0;
		};
/* End PBXFrameworksBuildPhase section */

/* Begin PBXGroup section */
		7F53664B19806D0A000F77D1 /* View */ = {
			isa = PBXGroup;
			children = (
				7FA1364C196B8E37003B071D /* Storyboard.storyboard */,
			);
			name = View;
			sourceTree = "<group>";
		};
		7F53665219807080000F77D1 /* MainControllers */ = {
			isa = PBXGroup;
			children = (
				7F73533B19B2587A00A81612 /* ANVAskViewController.h */,
				7F73533C19B2587A00A81612 /* ANVAskViewController.m */,
				7F5366571989CCA4000F77D1 /* ANVFavoriteViewController.h */,
				7F5366581989CCA4000F77D1 /* ANVFavoriteViewController.m */,
				7F53665E198C5F30000F77D1 /* ANVMostViewedViewController.h */,
				7F53665F198C5F30000F77D1 /* ANVMostViewedViewController.m */,
				7F536661198C62FD000F77D1 /* ANVFeedViewController.h */,
				7F536662198C62FD000F77D1 /* ANVFeedViewController.m */,
				7F536664198C6446000F77D1 /* ANVNotificationsViewController.h */,
				7F536665198C6446000F77D1 /* ANVNotificationsViewController.m */,
			);
			name = MainControllers;
			sourceTree = "<group>";
		};
		7F5366561989CC57000F77D1 /* SuperClasses */ = {
			isa = PBXGroup;
			children = (
				7F536653198070D4000F77D1 /* ANVCustomViewController.h */,
				7F536654198070D4000F77D1 /* ANVCustomViewController.m */,
				7F53664F19806DAF000F77D1 /* ANVCustomCell.h */,
				7F53665019806DAF000F77D1 /* ANVCustomCell.m */,
			);
			name = SuperClasses;
			sourceTree = "<group>";
		};
		7F536672198EFB01000F77D1 /* SharedManagers */ = {
			isa = PBXGroup;
			children = (
				7F53666F198EFAF9000F77D1 /* QuestionSharedManager.h */,
				7F536670198EFAF9000F77D1 /* QuestionSharedManager.m */,
			);
			name = SharedManagers;
			sourceTree = "<group>";
		};
		7FA13605196B8B62003B071D = {
			isa = PBXGroup;
			children = (
				7F5EEB9219E1FDB9007F514D /* ANVLoginToMain.h */,
				7F5EEB9319E1FDB9007F514D /* ANVLoginToMain.m */,
				7FFABC1A19D2479A00983E81 /* ANVDetailedController.h */,
				7FFABC1B19D2479A00983E81 /* ANVDetailedController.m */,
				7FA13617196B8B62003B071D /* ikwitMVC */,
				7FA13630196B8B62003B071D /* ikwitMVCTests */,
				7FA13610196B8B62003B071D /* Frameworks */,
				7FA1360F196B8B62003B071D /* Products */,
			);
			sourceTree = "<group>";
		};
		7FA1360F196B8B62003B071D /* Products */ = {
			isa = PBXGroup;
			children = (
				7FA1360E196B8B62003B071D /* ikwitMVC.app */,
				7FA13629196B8B62003B071D /* ikwitMVCTests.xctest */,
			);
			name = Products;
			sourceTree = "<group>";
		};
		7FA13610196B8B62003B071D /* Frameworks */ = {
			isa = PBXGroup;
			children = (
				7FA13611196B8B62003B071D /* Foundation.framework */,
				7FA13613196B8B62003B071D /* CoreGraphics.framework */,
				7FA13615196B8B62003B071D /* UIKit.framework */,
				7FA1362A196B8B62003B071D /* XCTest.framework */,
			);
			name = Frameworks;
			sourceTree = "<group>";
		};
		7FA13617196B8B62003B071D /* ikwitMVC */ = {
			isa = PBXGroup;
			children = (
				7F536672198EFB01000F77D1 /* SharedManagers */,
				7F5366561989CC57000F77D1 /* SuperClasses */,
				7F53664B19806D0A000F77D1 /* View */,
				7FA13658196CB1CE003B071D /* Model */,
				7FA13654196CB181003B071D /* Controller */,
				7FA13623196B8B62003B071D /* Images.xcassets */,
				7FA13618196B8B62003B071D /* Supporting Files */,
			);
			path = ikwitMVC;
			sourceTree = "<group>";
		};
		7FA13618196B8B62003B071D /* Supporting Files */ = {
			isa = PBXGroup;
			children = (
				7F5EEB9819E2619B007F514D /* DDIndicator.h */,
				7F5EEB9919E2619B007F514D /* DDIndicator.m */,
				7FE3B54819E118740078B65D /* GCDAsyncSocket.h */,
				7FE3B54919E118740078B65D /* GCDAsyncSocket.m */,
				7F0C063C19D75B5B00A308CC /* GHContextMenuView.h */,
				7F0C063D19D75B5B00A308CC /* GHContextMenuView.m */,
				7FA13620196B8B62003B071D /* ANVAppDelegate.h */,
				7FA13621196B8B62003B071D /* ANVAppDelegate.m */,
				7FA13619196B8B62003B071D /* ikwitMVC-Info.plist */,
				7FA1361A196B8B62003B071D /* InfoPlist.strings */,
				7FA1361D196B8B62003B071D /* main.m */,
				7FA1361F196B8B62003B071D /* ikwitMVC-Prefix.pch */,
			);
			name = "Supporting Files";
			sourceTree = "<group>";
		};
		7FA13630196B8B62003B071D /* ikwitMVCTests */ = {
			isa = PBXGroup;
			children = (
				7FA13636196B8B62003B071D /* ikwitMVCTests.m */,
				7FA13631196B8B62003B071D /* Supporting Files */,
			);
			path = ikwitMVCTests;
			sourceTree = "<group>";
		};
		7FA13631196B8B62003B071D /* Supporting Files */ = {
			isa = PBXGroup;
			children = (
				7FA13632196B8B62003B071D /* ikwitMVCTests-Info.plist */,
				7FA13633196B8B62003B071D /* InfoPlist.strings */,
			);
			name = "Supporting Files";
			sourceTree = "<group>";
		};
		7FA13654196CB181003B071D /* Controller */ = {
			isa = PBXGroup;
			children = (
				7F53665219807080000F77D1 /* MainControllers */,
				7FA13651196B96F9003B071D /* ANVSignUpViewController.h */,
				7FA13652196B96F9003B071D /* ANVSignUpViewController.m */,
				7FA1364E196B95FF003B071D /* ANVLoginViewController.h */,
				7FA1364F196B95FF003B071D /* ANVLoginViewController.m */,
			);
			name = Controller;
			sourceTree = "<group>";
		};
		7FA13658196CB1CE003B071D /* Model */ = {
			isa = PBXGroup;
			children = (
				7FA13655196CB1C6003B071D /* User.h */,
				7FA13656196CB1C6003B071D /* User.m */,
				7F53666C198EF502000F77D1 /* Question.h */,
				7F53666D198EF502000F77D1 /* Question.m */,
			);
			name = Model;
			sourceTree = "<group>";
		};
/* End PBXGroup section */

/* Begin PBXNativeTarget section */
		7FA1360D196B8B62003B071D /* ikwitMVC */ = {
			isa = PBXNativeTarget;
			buildConfigurationList = 7FA1363A196B8B62003B071D /* Build configuration list for PBXNativeTarget "ikwitMVC" */;
			buildPhases = (
				7FA1360A196B8B62003B071D /* Sources */,
				7FA1360B196B8B62003B071D /* Frameworks */,
				7FA1360C196B8B62003B071D /* Resources */,
			);
			buildRules = (
			);
			dependencies = (
			);
			name = ikwitMVC;
			productName = ikwitMVC;
			productReference = 7FA1360E196B8B62003B071D /* ikwitMVC.app */;
			productType = "com.apple.product-type.application";
		};
		7FA13628196B8B62003B071D /* ikwitMVCTests */ = {
			isa = PBXNativeTarget;
			buildConfigurationList = 7FA1363D196B8B62003B071D /* Build configuration list for PBXNativeTarget "ikwitMVCTests" */;
			buildPhases = (
				7FA13625196B8B62003B071D /* Sources */,
				7FA13626196B8B62003B071D /* Frameworks */,
				7FA13627196B8B62003B071D /* Resources */,
			);
			buildRules = (
			);
			dependencies = (
				7FA1362F196B8B62003B071D /* PBXTargetDependency */,
			);
			name = ikwitMVCTests;
			productName = ikwitMVCTests;
			productReference = 7FA13629196B8B62003B071D /* ikwitMVCTests.xctest */;
			productType = "com.apple.product-type.bundle.unit-test";
		};
/* End PBXNativeTarget section */

/* Begin PBXProject section */
		7FA13606196B8B62003B071D /* Project object */ = {
			isa = PBXProject;
			attributes = {
				CLASSPREFIX = ANV;
				LastUpgradeCheck = 0600;
				ORGANIZATIONNAME = "Andrei Nechaev";
				TargetAttributes = {
					7FA1360D196B8B62003B071D = {
						DevelopmentTeam = 6K8SV2N4VK;
					};
					7FA13628196B8B62003B071D = {
						TestTargetID = 7FA1360D196B8B62003B071D;
					};
				};
			};
			buildConfigurationList = 7FA13609196B8B62003B071D /* Build configuration list for PBXProject "ikwitMVC" */;
			compatibilityVersion = "Xcode 3.2";
			developmentRegion = English;
			hasScannedForEncodings = 0;
			knownRegions = (
				en,
			);
			mainGroup = 7FA13605196B8B62003B071D;
			productRefGroup = 7FA1360F196B8B62003B071D /* Products */;
			projectDirPath = "";
			projectRoot = "";
			targets = (
				7FA1360D196B8B62003B071D /* ikwitMVC */,
				7FA13628196B8B62003B071D /* ikwitMVCTests */,
			);
		};
/* End PBXProject section */

/* Begin PBXResourcesBuildPhase section */
		7FA1360C196B8B62003B071D /* Resources */ = {
			isa = PBXResourcesBuildPhase;
			buildActionMask = 2147483647;
			files = (
				7FA1361C196B8B62003B071D /* InfoPlist.strings in Resources */,
				7FA13624196B8B62003B071D /* Images.xcassets in Resources */,
				7FA1364D196B8E37003B071D /* Storyboard.storyboard in Resources */,
			);
			runOnlyForDeploymentPostprocessing = 0;
		};
		7FA13627196B8B62003B071D /* Resources */ = {
			isa = PBXResourcesBuildPhase;
			buildActionMask = 2147483647;
			files = (
				7FA13635196B8B62003B071D /* InfoPlist.strings in Resources */,
			);
			runOnlyForDeploymentPostprocessing = 0;
		};
/* End PBXResourcesBuildPhase section */

/* Begin PBXSourcesBuildPhase section */
		7FA1360A196B8B62003B071D /* Sources */ = {
			isa = PBXSourcesBuildPhase;
			buildActionMask = 2147483647;
			files = (
				7F53665119806DAF000F77D1 /* ANVCustomCell.m in Sources */,
				7FA13657196CB1C6003B071D /* User.m in Sources */,
				7F0C063E19D75B5B00A308CC /* GHContextMenuView.m in Sources */,
				7F536663198C62FD000F77D1 /* ANVFeedViewController.m in Sources */,
				7F5366591989CCA4000F77D1 /* ANVFavoriteViewController.m in Sources */,
				7FE3B54A19E118740078B65D /* GCDAsyncSocket.m in Sources */,
				7F536660198C5F30000F77D1 /* ANVMostViewedViewController.m in Sources */,
				7F53666E198EF502000F77D1 /* Question.m in Sources */,
				7F5EEB9A19E2619B007F514D /* DDIndicator.m in Sources */,
				7FFABC1C19D2479A00983E81 /* ANVDetailedController.m in Sources */,
				7FA13622196B8B62003B071D /* ANVAppDelegate.m in Sources */,
				7FA1361E196B8B62003B071D /* main.m in Sources */,
				7F73533D19B2587A00A81612 /* ANVAskViewController.m in Sources */,
				7F536666198C6446000F77D1 /* ANVNotificationsViewController.m in Sources */,
				7FA13653196B96F9003B071D /* ANVSignUpViewController.m in Sources */,
				7F536671198EFAF9000F77D1 /* QuestionSharedManager.m in Sources */,
				7F5EEB9419E1FDB9007F514D /* ANVLoginToMain.m in Sources */,
				7F536655198070D4000F77D1 /* ANVCustomViewController.m in Sources */,
				7FA13650196B95FF003B071D /* ANVLoginViewController.m in Sources */,
			);
			runOnlyForDeploymentPostprocessing = 0;
		};
		7FA13625196B8B62003B071D /* Sources */ = {
			isa = PBXSourcesBuildPhase;
			buildActionMask = 2147483647;
			files = (
				7FA13637196B8B62003B071D /* ikwitMVCTests.m in Sources */,
			);
			runOnlyForDeploymentPostprocessing = 0;
		};
/* End PBXSourcesBuildPhase section */

/* Begin PBXTargetDependency section */
		7FA1362F196B8B62003B071D /* PBXTargetDependency */ = {
			isa = PBXTargetDependency;
			target = 7FA1360D196B8B62003B071D /* ikwitMVC */;
			targetProxy = 7FA1362E196B8B62003B071D /* PBXContainerItemProxy */;
		};
/* End PBXTargetDependency section */

/* Begin PBXVariantGroup section */
		7FA1361A196B8B62003B071D /* InfoPlist.strings */ = {
			isa = PBXVariantGroup;
			children = (
				7FA1361B196B8B62003B071D /* en */,
			);
			name = InfoPlist.strings;
			sourceTree = "<group>";
		};
		7FA13633196B8B62003B071D /* InfoPlist.strings */ = {
			isa = PBXVariantGroup;
			children = (
				7FA13634196B8B62003B071D /* en */,
			);
			name = InfoPlist.strings;
			sourceTree = "<group>";
		};
/* End PBXVariantGroup section */

/* Begin XCBuildConfiguration section */
		7FA13638196B8B62003B071D /* Debug */ = {
			isa = XCBuildConfiguration;
			buildSettings = {
				ALWAYS_SEARCH_USER_PATHS = YES;
				CLANG_CXX_LANGUAGE_STANDARD = "gnu++0x";
				CLANG_CXX_LIBRARY = "libc++";
				CLANG_ENABLE_MODULES = YES;
				CLANG_ENABLE_OBJC_ARC = YES;
				CLANG_WARN_BOOL_CONVERSION = YES;
				CLANG_WARN_CONSTANT_CONVERSION = YES;
				CLANG_WARN_DIRECT_OBJC_ISA_USAGE = YES_ERROR;
				CLANG_WARN_EMPTY_BODY = YES;
				CLANG_WARN_ENUM_CONVERSION = YES;
				CLANG_WARN_INT_CONVERSION = YES;
				CLANG_WARN_OBJC_ROOT_CLASS = YES_ERROR;
				CLANG_WARN__DUPLICATE_METHOD_MATCH = YES;
				"CODE_SIGN_IDENTITY[sdk=iphoneos*]" = "iPhone Developer";
				COPY_PHASE_STRIP = NO;
				GCC_C_LANGUAGE_STANDARD = gnu99;
				GCC_DYNAMIC_NO_PIC = NO;
				GCC_OPTIMIZATION_LEVEL = 0;
				GCC_PREPROCESSOR_DEFINITIONS = (
					"DEBUG=1",
					"$(inherited)",
				);
				GCC_SYMBOLS_PRIVATE_EXTERN = NO;
				GCC_WARN_64_TO_32_BIT_CONVERSION = YES;
				GCC_WARN_ABOUT_RETURN_TYPE = YES_ERROR;
				GCC_WARN_UNDECLARED_SELECTOR = YES;
				GCC_WARN_UNINITIALIZED_AUTOS = YES_AGGRESSIVE;
				GCC_WARN_UNUSED_FUNCTION = YES;
				GCC_WARN_UNUSED_VARIABLE = YES;
				IPHONEOS_DEPLOYMENT_TARGET = 7.1;
				ONLY_ACTIVE_ARCH = YES;
				SDKROOT = iphoneos;
			};
			name = Debug;
		};
		7FA13639196B8B62003B071D /* Release */ = {
			isa = XCBuildConfiguration;
			buildSettings = {
				ALWAYS_SEARCH_USER_PATHS = YES;
				CLANG_CXX_LANGUAGE_STANDARD = "gnu++0x";
				CLANG_CXX_LIBRARY = "libc++";
				CLANG_ENABLE_MODULES = YES;
				CLANG_ENABLE_OBJC_ARC = YES;
				CLANG_WARN_BOOL_CONVERSION = YES;
				CLANG_WARN_CONSTANT_CONVERSION = YES;
				CLANG_WARN_DIRECT_OBJC_ISA_USAGE = YES_ERROR;
				CLANG_WARN_EMPTY_BODY = YES;
				CLANG_WARN_ENUM_CONVERSION = YES;
				CLANG_WARN_INT_CONVERSION = YES;
				CLANG_WARN_OBJC_ROOT_CLASS = YES_ERROR;
				CLANG_WARN__DUPLICATE_METHOD_MATCH = YES;
				"CODE_SIGN_IDENTITY[sdk=iphoneos*]" = "iPhone Developer";
				COPY_PHASE_STRIP = YES;
				ENABLE_NS_ASSERTIONS = NO;
				GCC_C_LANGUAGE_STANDARD = gnu99;
				GCC_WARN_64_TO_32_BIT_CONVERSION = YES;
				GCC_WARN_ABOUT_RETURN_TYPE = YES_ERROR;
				GCC_WARN_UNDECLARED_SELECTOR = YES;
				GCC_WARN_UNINITIALIZED_AUTOS = YES_AGGRESSIVE;
				GCC_WARN_UNUSED_FUNCTION = YES;
				GCC_WARN_UNUSED_VARIABLE = YES;
				IPHONEOS_DEPLOYMENT_TARGET = 7.1;
				ONLY_ACTIVE_ARCH = NO;
				SDKROOT = iphoneos;
				VALIDATE_PRODUCT = YES;
			};
			name = Release;
		};
		7FA1363B196B8B62003B071D /* Debug */ = {
			isa = XCBuildConfiguration;
			buildSettings = {
				ASSETCATALOG_COMPILER_APPICON_NAME = AppIcon;
				ASSETCATALOG_COMPILER_LAUNCHIMAGE_NAME = LaunchImage;
				CODE_SIGN_IDENTITY = "iPhone Developer: Andrey Nechaev (VVC3FJJP5H)";
				"CODE_SIGN_IDENTITY[sdk=iphoneos*]" = "iPhone Developer: Andrey Nechaev (VVC3FJJP5H)";
				GCC_PRECOMPILE_PREFIX_HEADER = YES;
				GCC_PREFIX_HEADER = "ikwitMVC/ikwitMVC-Prefix.pch";
				INFOPLIST_FILE = "ikwitMVC/ikwitMVC-Info.plist";
				PRODUCT_NAME = "$(TARGET_NAME)";
				PROVISIONING_PROFILE = "ce320489-2bab-4c87-8088-525cd51a81ac";
				SDKROOT = iphoneos;
				WRAPPER_EXTENSION = app;
			};
			name = Debug;
		};
		7FA1363C196B8B62003B071D /* Release */ = {
			isa = XCBuildConfiguration;
			buildSettings = {
				ASSETCATALOG_COMPILER_APPICON_NAME = AppIcon;
				ASSETCATALOG_COMPILER_LAUNCHIMAGE_NAME = LaunchImage;
				CODE_SIGN_IDENTITY = "iPhone Developer: Andrey Nechaev (VVC3FJJP5H)";
				"CODE_SIGN_IDENTITY[sdk=iphoneos*]" = "iPhone Developer: Andrey Nechaev (VVC3FJJP5H)";
				GCC_PRECOMPILE_PREFIX_HEADER = YES;
				GCC_PREFIX_HEADER = "ikwitMVC/ikwitMVC-Prefix.pch";
				INFOPLIST_FILE = "ikwitMVC/ikwitMVC-Info.plist";
				PRODUCT_NAME = "$(TARGET_NAME)";
				PROVISIONING_PROFILE = "ce320489-2bab-4c87-8088-525cd51a81ac";
				SDKROOT = iphoneos;
				WRAPPER_EXTENSION = app;
			};
			name = Release;
		};
		7FA1363E196B8B62003B071D /* Debug */ = {
			isa = XCBuildConfiguration;
			buildSettings = {
				BUNDLE_LOADER = "$(BUILT_PRODUCTS_DIR)/ikwitMVC.app/ikwitMVC";
				FRAMEWORK_SEARCH_PATHS = (
					"$(SDKROOT)/Developer/Library/Frameworks",
					"$(inherited)",
					"$(DEVELOPER_FRAMEWORKS_DIR)",
				);
				GCC_PRECOMPILE_PREFIX_HEADER = YES;
				GCC_PREFIX_HEADER = "ikwitMVC/ikwitMVC-Prefix.pch";
				GCC_PREPROCESSOR_DEFINITIONS = (
					"DEBUG=1",
					"$(inherited)",
				);
				INFOPLIST_FILE = "ikwitMVCTests/ikwitMVCTests-Info.plist";
				PRODUCT_NAME = "$(TARGET_NAME)";
				TEST_HOST = "$(BUNDLE_LOADER)";
				WRAPPER_EXTENSION = xctest;
			};
			name = Debug;
		};
		7FA1363F196B8B62003B071D /* Release */ = {
			isa = XCBuildConfiguration;
			buildSettings = {
				BUNDLE_LOADER = "$(BUILT_PRODUCTS_DIR)/ikwitMVC.app/ikwitMVC";
				FRAMEWORK_SEARCH_PATHS = (
					"$(SDKROOT)/Developer/Library/Frameworks",
					"$(inherited)",
					"$(DEVELOPER_FRAMEWORKS_DIR)",
				);
				GCC_PRECOMPILE_PREFIX_HEADER = YES;
				GCC_PREFIX_HEADER = "ikwitMVC/ikwitMVC-Prefix.pch";
				INFOPLIST_FILE = "ikwitMVCTests/ikwitMVCTests-Info.plist";
				PRODUCT_NAME = "$(TARGET_NAME)";
				TEST_HOST = "$(BUNDLE_LOADER)";
				WRAPPER_EXTENSION = xctest;
			};
			name = Release;
		};
/* End XCBuildConfiguration section */

/* Begin XCConfigurationList section */
		7FA13609196B8B62003B071D /* Build configuration list for PBXProject "ikwitMVC" */ = {
			isa = XCConfigurationList;
			buildConfigurations = (
				7FA13638196B8B62003B071D /* Debug */,
				7FA13639196B8B62003B071D /* Release */,
			);
			defaultConfigurationIsVisible = 0;
			defaultConfigurationName = Release;
		};
		7FA1363A196B8B62003B071D /* Build configuration list for PBXNativeTarget "ikwitMVC" */ = {
			isa = XCConfigurationList;
			buildConfigurations = (
				7FA1363B196B8B62003B071D /* Debug */,
				7FA1363C196B8B62003B071D /* Release */,
			);
			defaultConfigurationIsVisible = 0;
			defaultConfigurationName = Release;
		};
		7FA1363D196B8B62003B071D /* Build configuration list for PBXNativeTarget "ikwitMVCTests" */ = {
			isa = XCConfigurationList;
			buildConfigurations = (
				7FA1363E196B8B62003B071D /* Debug */,
				7FA1363F196B8B62003B071D /* Release */,
			);
			defaultConfigurationIsVisible = 0;
			defaultConfigurationName = Release;
		};
/* End XCConfigurationList section */
	};
	rootObject = 7FA13606196B8B62003B071D /* Project object */;
}
